
Microsoft Visual Studio Solution File, Format Version 12.00
# Visual Studio Version 17
VisualStudioVersion = 17.14.36109.1
MinimumVisualStudioVersion = 10.0.40219.1
Project("{FAE04EC0-301F-11D3-BF4B-00C04F79EFBC}") = "Students", "Students\Students.csproj", "{9D809235-432B-414B-A8C5-BE4EFC674A90}"
EndProject
Project("{FAE04EC0-301F-11D3-BF4B-00C04F79EFBC}") = "Teachers", "Teachers\Teachers.csproj", "{1E45C2E3-7023-41CF-9534-5FCEC18837A6}"
EndProject
Project("{FAE04EC0-301F-11D3-BF4B-00C04F79EFBC}") = "ReceptionService", "ReceptionService\ReceptionService.csproj", "{1F343CFC-75A0-4341-8F9C-6B05F5058FD5}"
EndProject
Project("{FAE04EC0-301F-11D3-BF4B-00C04F79EFBC}") = "OcelotApiGateway", "OcelotApiGateway\OcelotApiGateway.csproj", "{100BA86A-744C-4353-AC8F-F91D7D05E398}"
EndProject
Project("{FAE04EC0-301F-11D3-BF4B-00C04F79EFBC}") = "AuthService", "AuthService\AuthService.csproj", "{FFF23C68-5137-4221-9CB0-8E82A1294F62}"
EndProject
Global
	GlobalSection(SolutionConfigurationPlatforms) = preSolution
		Debug|Any CPU = Debug|Any CPU
		Release|Any CPU = Release|Any CPU
	EndGlobalSection
	GlobalSection(ProjectConfigurationPlatforms) = postSolution
		{9D809235-432B-414B-A8C5-BE4EFC674A90}.Debug|Any CPU.ActiveCfg = Debug|Any CPU
		{9D809235-432B-414B-A8C5-BE4EFC674A90}.Debug|Any CPU.Build.0 = Debug|Any CPU
		{9D809235-432B-414B-A8C5-BE4EFC674A90}.Release|Any CPU.ActiveCfg = Release|Any CPU
		{9D809235-432B-414B-A8C5-BE4EFC674A90}.Release|Any CPU.Build.0 = Release|Any CPU
		{1E45C2E3-7023-41CF-9534-5FCEC18837A6}.Debug|Any CPU.ActiveCfg = Debug|Any CPU
		{1E45C2E3-7023-41CF-9534-5FCEC18837A6}.Debug|Any CPU.Build.0 = Debug|Any CPU
		{1E45C2E3-7023-41CF-9534-5FCEC18837A6}.Release|Any CPU.ActiveCfg = Release|Any CPU
		{1E45C2E3-7023-41CF-9534-5FCEC18837A6}.Release|Any CPU.Build.0 = Release|Any CPU
		{1F343CFC-75A0-4341-8F9C-6B05F5058FD5}.Debug|Any CPU.ActiveCfg = Debug|Any CPU
		{1F343CFC-75A0-4341-8F9C-6B05F5058FD5}.Debug|Any CPU.Build.0 = Debug|Any CPU
		{1F343CFC-75A0-4341-8F9C-6B05F5058FD5}.Release|Any CPU.ActiveCfg = Release|Any CPU
		{1F343CFC-75A0-4341-8F9C-6B05F5058FD5}.Release|Any CPU.Build.0 = Release|Any CPU
		{100BA86A-744C-4353-AC8F-F91D7D05E398}.Debug|Any CPU.ActiveCfg = Debug|Any CPU
		{100BA86A-744C-4353-AC8F-F91D7D05E398}.Debug|Any CPU.Build.0 = Debug|Any CPU
		{100BA86A-744C-4353-AC8F-F91D7D05E398}.Release|Any CPU.ActiveCfg = Release|Any CPU
		{100BA86A-744C-4353-AC8F-F91D7D05E398}.Release|Any CPU.Build.0 = Release|Any CPU
		{FFF23C68-5137-4221-9CB0-8E82A1294F62}.Debug|Any CPU.ActiveCfg = Debug|Any CPU
		{FFF23C68-5137-4221-9CB0-8E82A1294F62}.Debug|Any CPU.Build.0 = Debug|Any CPU
		{FFF23C68-5137-4221-9CB0-8E82A1294F62}.Release|Any CPU.ActiveCfg = Release|Any CPU
		{FFF23C68-5137-4221-9CB0-8E82A1294F62}.Release|Any CPU.Build.0 = Release|Any CPU
	EndGlobalSection
	GlobalSection(SolutionProperties) = preSolution
		HideSolutionNode = FALSE
	EndGlobalSection
	GlobalSection(ExtensibilityGlobals) = postSolution
		SolutionGuid = {CAE95B4D-22DD-4C1D-B517-48FCE07B6E76}
	EndGlobalSection
EndGlobal
